
Microsoft Visual Studio Solution File, Format Version 12.00
# Visual Studio Version 17
VisualStudioVersion = 17.0.32014.148
MinimumVisualStudioVersion = 10.0.40219.1
Project("{FAE04EC0-301F-11D3-BF4B-00C04F79EFBC}") = "UniversityProject", "WindowsFormsApp1\UniversityProject.csproj", "{3DB29D48-43FA-411B-810C-40A6D07BF180}"
EndProject
Global
	GlobalSection(SolutionConfigurationPlatforms) = preSolution
		Debug|Any CPU = Debug|Any CPU
		Release|Any CPU = Release|Any CPU
	EndGlobalSection
	GlobalSection(ProjectConfigurationPlatforms) = postSolution
		{3DB29D48-43FA-411B-810C-40A6D07BF180}.Debug|Any CPU.ActiveCfg = Debug|Any CPU
		{3DB29D48-43FA-411B-810C-40A6D07BF180}.Debug|Any CPU.Build.0 = Debug|Any CPU
		{3DB29D48-43FA-411B-810C-40A6D07BF180}.Release|Any CPU.ActiveCfg = Release|Any CPU
		{3DB29D48-43FA-411B-810C-40A6D07BF180}.Release|Any CPU.Build.0 = Release|Any CPU
	EndGlobalSection
	GlobalSection(SolutionProperties) = preSolution
		HideSolutionNode = FALSE
	EndGlobalSection
	GlobalSection(ExtensibilityGlobals) = postSolution
		SolutionGuid = {105BF92C-EA88-4AB9-BE89-41B76B0CFE92}
	EndGlobalSection
EndGlobal
